// !$*UTF8*$!
{
	archiveVersion = 1;
	classes = {
	};
	objectVersion = 46;
	objects = {

/* Begin PBXBuildFile section */
		3DEDC8F3161F23A900846D1F /* UIKit.framework in Frameworks */ = {isa = PBXBuildFile; fileRef = 3DEDC8F2161F23A900846D1F /* UIKit.framework */; };
		3DEDC8F5161F23A900846D1F /* Foundation.framework in Frameworks */ = {isa = PBXBuildFile; fileRef = 3DEDC8F4161F23A900846D1F /* Foundation.framework */; };
		3DEDC8F7161F23A900846D1F /* CoreGraphics.framework in Frameworks */ = {isa = PBXBuildFile; fileRef = 3DEDC8F6161F23A900846D1F /* CoreGraphics.framework */; };
		3DEDC8FD161F23A900846D1F /* InfoPlist.strings in Resources */ = {isa = PBXBuildFile; fileRef = 3DEDC8FB161F23A900846D1F /* InfoPlist.strings */; };
		3DEDC8FF161F23AA00846D1F /* main.m in Sources */ = {isa = PBXBuildFile; fileRef = 3DEDC8FE161F23AA00846D1F /* main.m */; };
		3DEDC903161F23AA00846D1F /* AppDelegate.m in Sources */ = {isa = PBXBuildFile; fileRef = 3DEDC902161F23AA00846D1F /* AppDelegate.m */; };
		3DEDC905161F23AA00846D1F /* Default.png in Resources */ = {isa = PBXBuildFile; fileRef = 3DEDC904161F23AA00846D1F /* Default.png */; };
		3DEDC907161F23AA00846D1F /* Default@2x.png in Resources */ = {isa = PBXBuildFile; fileRef = 3DEDC906161F23AA00846D1F /* Default@2x.png */; };
		3DEDC909161F23AA00846D1F /* Default-568h@2x.png in Resources */ = {isa = PBXBuildFile; fileRef = 3DEDC908161F23AA00846D1F /* Default-568h@2x.png */; };
		3DEDC90C161F23AA00846D1F /* ViewController.m in Sources */ = {isa = PBXBuildFile; fileRef = 3DEDC90B161F23AA00846D1F /* ViewController.m */; };
		3DEDC90F161F23AA00846D1F /* ViewController.xib in Resources */ = {isa = PBXBuildFile; fileRef = 3DEDC90D161F23AA00846D1F /* ViewController.xib */; };
		3DEDC918161F24A800846D1F /* Tile-14.jpg in Resources */ = {isa = PBXBuildFile; fileRef = 3DEDC917161F24A800846D1F /* Tile-14.jpg */; };
		3DEDC91F161F279400846D1F /* JsonHelper.m in Sources */ = {isa = PBXBuildFile; fileRef = 3DEDC91E161F279400846D1F /* JsonHelper.m */; };
		3DEDC922161F296400846D1F /* WallpaperCell.m in Sources */ = {isa = PBXBuildFile; fileRef = 3DEDC921161F296400846D1F /* WallpaperCell.m */; };
		3DEDC924161F2AF200846D1F /* WallpaperCell.xib in Resources */ = {isa = PBXBuildFile; fileRef = 3DEDC923161F2AF200846D1F /* WallpaperCell.xib */; };
		3DEDC92A161F385400846D1F /* 1193-iphone-ilt-day.jpg in Resources */ = {isa = PBXBuildFile; fileRef = 3DEDC929161F385400846D1F /* 1193-iphone-ilt-day.jpg */; };
/* End PBXBuildFile section */

/* Begin PBXFileReference section */
		3DEDC8EE161F23A900846D1F /* Wallpapers.app */ = {isa = PBXFileReference; explicitFileType = wrapper.application; includeInIndex = 0; path = Wallpapers.app; sourceTree = BUILT_PRODUCTS_DIR; };
		3DEDC8F2161F23A900846D1F /* UIKit.framework */ = {isa = PBXFileReference; lastKnownFileType = wrapper.framework; name = UIKit.framework; path = System/Library/Frameworks/UIKit.framework; sourceTree = SDKROOT; };
		3DEDC8F4161F23A900846D1F /* Foundation.framework */ = {isa = PBXFileReference; lastKnownFileType = wrapper.framework; name = Foundation.framework; path = System/Library/Frameworks/Foundation.framework; sourceTree = SDKROOT; };
		3DEDC8F6161F23A900846D1F /* CoreGraphics.framework */ = {isa = PBXFileReference; lastKnownFileType = wrapper.framework; name = CoreGraphics.framework; path = System/Library/Frameworks/CoreGraphics.framework; sourceTree = SDKROOT; };
		3DEDC8FA161F23A900846D1F /* Wallpapers-Info.plist */ = {isa = PBXFileReference; lastKnownFileType = text.plist.xml; path = "Wallpapers-Info.plist"; sourceTree = "<group>"; };
		3DEDC8FC161F23A900846D1F /* en */ = {isa = PBXFileReference; lastKnownFileType = text.plist.strings; name = en; path = en.lproj/InfoPlist.strings; sourceTree = "<group>"; };
		3DEDC8FE161F23AA00846D1F /* main.m */ = {isa = PBXFileReference; lastKnownFileType = sourcecode.c.objc; path = main.m; sourceTree = "<group>"; };
		3DEDC900161F23AA00846D1F /* Wallpapers-Prefix.pch */ = {isa = PBXFileReference; lastKnownFileType = sourcecode.c.h; path = "Wallpapers-Prefix.pch"; sourceTree = "<group>"; };
		3DEDC901161F23AA00846D1F /* AppDelegate.h */ = {isa = PBXFileReference; lastKnownFileType = sourcecode.c.h; path = AppDelegate.h; sourceTree = "<group>"; };
		3DEDC902161F23AA00846D1F /* AppDelegate.m */ = {isa = PBXFileReference; lastKnownFileType = sourcecode.c.objc; path = AppDelegate.m; sourceTree = "<group>"; };
		3DEDC904161F23AA00846D1F /* Default.png */ = {isa = PBXFileReference; lastKnownFileType = image.png; path = Default.png; sourceTree = "<group>"; };
		3DEDC906161F23AA00846D1F /* Default@2x.png */ = {isa = PBXFileReference; lastKnownFileType = image.png; path = "Default@2x.png"; sourceTree = "<group>"; };
		3DEDC908161F23AA00846D1F /* Default-568h@2x.png */ = {isa = PBXFileReference; lastKnownFileType = image.png; path = "Default-568h@2x.png"; sourceTree = "<group>"; };
		3DEDC90A161F23AA00846D1F /* ViewController.h */ = {isa = PBXFileReference; lastKnownFileType = sourcecode.c.h; path = ViewController.h; sourceTree = "<group>"; };
		3DEDC90B161F23AA00846D1F /* ViewController.m */ = {isa = PBXFileReference; lastKnownFileType = sourcecode.c.objc; path = ViewController.m; sourceTree = "<group>"; };
		3DEDC90E161F23AA00846D1F /* en */ = {isa = PBXFileReference; lastKnownFileType = file.xib; name = en; path = en.lproj/ViewController.xib; sourceTree = "<group>"; };
		3DEDC917161F24A800846D1F /* Tile-14.jpg */ = {isa = PBXFileReference; lastKnownFileType = image.jpeg; path = "Tile-14.jpg"; sourceTree = "<group>"; };
		3DEDC91D161F279400846D1F /* JsonHelper.h */ = {isa = PBXFileReference; fileEncoding = 4; lastKnownFileType = sourcecode.c.h; path = JsonHelper.h; sourceTree = "<group>"; };
		3DEDC91E161F279400846D1F /* JsonHelper.m */ = {isa = PBXFileReference; fileEncoding = 4; lastKnownFileType = sourcecode.c.objc; path = JsonHelper.m; sourceTree = "<group>"; };
		3DEDC920161F296400846D1F /* WallpaperCell.h */ = {isa = PBXFileReference; fileEncoding = 4; lastKnownFileType = sourcecode.c.h; path = WallpaperCell.h; sourceTree = "<group>"; };
		3DEDC921161F296400846D1F /* WallpaperCell.m */ = {isa = PBXFileReference; fileEncoding = 4; lastKnownFileType = sourcecode.c.objc; path = WallpaperCell.m; sourceTree = "<group>"; };
		3DEDC923161F2AF200846D1F /* WallpaperCell.xib */ = {isa = PBXFileReference; fileEncoding = 4; lastKnownFileType = file.xib; path = WallpaperCell.xib; sourceTree = "<group>"; };
		3DEDC929161F385400846D1F /* 1193-iphone-ilt-day.jpg */ = {isa = PBXFileReference; lastKnownFileType = image.jpeg; path = "1193-iphone-ilt-day.jpg"; sourceTree = "<group>"; };
/* End PBXFileReference section */

/* Begin PBXFrameworksBuildPhase section */
		3DEDC8EB161F23A900846D1F /* Frameworks */ = {
			isa = PBXFrameworksBuildPhase;
			buildActionMask = 2147483647;
			files = (
				3DEDC8F3161F23A900846D1F /* UIKit.framework in Frameworks */,
				3DEDC8F5161F23A900846D1F /* Foundation.framework in Frameworks */,
				3DEDC8F7161F23A900846D1F /* CoreGraphics.framework in Frameworks */,
			);
			runOnlyForDeploymentPostprocessing = 0;
		};
/* End PBXFrameworksBuildPhase section */

/* Begin PBXGroup section */
		3DEDC8E3161F23A900846D1F = {
			isa = PBXGroup;
			children = (
				3DEDC8F8161F23A900846D1F /* Wallpapers */,
				3DEDC8F1161F23A900846D1F /* Frameworks */,
				3DEDC8EF161F23A900846D1F /* Products */,
			);
			sourceTree = "<group>";
		};
		3DEDC8EF161F23A900846D1F /* Products */ = {
			isa = PBXGroup;
			children = (
				3DEDC8EE161F23A900846D1F /* Wallpapers.app */,
			);
			name = Products;
			sourceTree = "<group>";
		};
		3DEDC8F1161F23A900846D1F /* Frameworks */ = {
			isa = PBXGroup;
			children = (
				3DEDC8F2161F23A900846D1F /* UIKit.framework */,
				3DEDC8F4161F23A900846D1F /* Foundation.framework */,
				3DEDC8F6161F23A900846D1F /* CoreGraphics.framework */,
			);
			name = Frameworks;
			sourceTree = "<group>";
		};
		3DEDC8F8161F23A900846D1F /* Wallpapers */ = {
			isa = PBXGroup;
			children = (
				3DEDC91D161F279400846D1F /* JsonHelper.h */,
				3DEDC91E161F279400846D1F /* JsonHelper.m */,
				3DEDC901161F23AA00846D1F /* AppDelegate.h */,
				3DEDC902161F23AA00846D1F /* AppDelegate.m */,
				3DEDC90A161F23AA00846D1F /* ViewController.h */,
				3DEDC90B161F23AA00846D1F /* ViewController.m */,
				3DEDC920161F296400846D1F /* WallpaperCell.h */,
				3DEDC921161F296400846D1F /* WallpaperCell.m */,
				3DEDC90D161F23AA00846D1F /* ViewController.xib */,
				3DEDC923161F2AF200846D1F /* WallpaperCell.xib */,
				3DEDC8F9161F23A900846D1F /* Supporting Files */,
			);
			path = Wallpapers;
			sourceTree = "<group>";
		};
		3DEDC8F9161F23A900846D1F /* Supporting Files */ = {
			isa = PBXGroup;
			children = (
				3DEDC929161F385400846D1F /* 1193-iphone-ilt-day.jpg */,
				3DEDC917161F24A800846D1F /* Tile-14.jpg */,
				3DEDC8FA161F23A900846D1F /* Wallpapers-Info.plist */,
				3DEDC8FB161F23A900846D1F /* InfoPlist.strings */,
				3DEDC8FE161F23AA00846D1F /* main.m */,
				3DEDC900161F23AA00846D1F /* Wallpapers-Prefix.pch */,
				3DEDC904161F23AA00846D1F /* Default.png */,
				3DEDC906161F23AA00846D1F /* Default@2x.png */,
				3DEDC908161F23AA00846D1F /* Default-568h@2x.png */,
			);
			name = "Supporting Files";
			sourceTree = "<group>";
		};
/* End PBXGroup section */

/* Begin PBXNativeTarget section */
		3DEDC8ED161F23A900846D1F /* Wallpapers */ = {
			isa = PBXNativeTarget;
			buildConfigurationList = 3DEDC912161F23AA00846D1F /* Build configuration list for PBXNativeTarget "Wallpapers" */;
			buildPhases = (
				3DEDC8EA161F23A900846D1F /* Sources */,
				3DEDC8EB161F23A900846D1F /* Frameworks */,
				3DEDC8EC161F23A900846D1F /* Resources */,
			);
			buildRules = (
			);
			dependencies = (
			);
			name = Wallpapers;
			productName = Wallpapers;
			productReference = 3DEDC8EE161F23A900846D1F /* Wallpapers.app */;
			productType = "com.apple.product-type.application";
		};
/* End PBXNativeTarget section */

/* Begin PBXProject section */
		3DEDC8E5161F23A900846D1F /* Project object */ = {
			isa = PBXProject;
			attributes = {
				LastUpgradeCheck = 0450;
				ORGANIZATIONNAME = "Cristian Barbu";
			};
			buildConfigurationList = 3DEDC8E8161F23A900846D1F /* Build configuration list for PBXProject "Wallpapers" */;
			compatibilityVersion = "Xcode 3.2";
			developmentRegion = English;
			hasScannedForEncodings = 0;
			knownRegions = (
				en,
			);
			mainGroup = 3DEDC8E3161F23A900846D1F;
			productRefGroup = 3DEDC8EF161F23A900846D1F /* Products */;
			projectDirPath = "";
			projectRoot = "";
			targets = (
				3DEDC8ED161F23A900846D1F /* Wallpapers */,
			);
		};
/* End PBXProject section */

/* Begin PBXResourcesBuildPhase section */
		3DEDC8EC161F23A900846D1F /* Resources */ = {
			isa = PBXResourcesBuildPhase;
			buildActionMask = 2147483647;
			files = (
				3DEDC8FD161F23A900846D1F /* InfoPlist.strings in Resources */,
				3DEDC905161F23AA00846D1F /* Default.png in Resources */,
				3DEDC907161F23AA00846D1F /* Default@2x.png in Resources */,
				3DEDC909161F23AA00846D1F /* Default-568h@2x.png in Resources */,
				3DEDC90F161F23AA00846D1F /* ViewController.xib in Resources */,
				3DEDC918161F24A800846D1F /* Tile-14.jpg in Resources */,
				3DEDC924161F2AF200846D1F /* WallpaperCell.xib in Resources */,
				3DEDC92A161F385400846D1F /* 1193-iphone-ilt-day.jpg in Resources */,
			);
			runOnlyForDeploymentPostprocessing = 0;
		};
/* End PBXResourcesBuildPhase section */

/* Begin PBXSourcesBuildPhase section */
		3DEDC8EA161F23A900846D1F /* Sources */ = {
			isa = PBXSourcesBuildPhase;
			buildActionMask = 2147483647;
			files = (
				3DEDC8FF161F23AA00846D1F /* main.m in Sources */,
				3DEDC903161F23AA00846D1F /* AppDelegate.m in Sources */,
				3DEDC90C161F23AA00846D1F /* ViewController.m in Sources */,
				3DEDC91F161F279400846D1F /* JsonHelper.m in Sources */,
				3DEDC922161F296400846D1F /* WallpaperCell.m in Sources */,
			);
			runOnlyForDeploymentPostprocessing = 0;
		};
/* End PBXSourcesBuildPhase section */

/* Begin PBXVariantGroup section */
		3DEDC8FB161F23A900846D1F /* InfoPlist.strings */ = {
			isa = PBXVariantGroup;
			children = (
				3DEDC8FC161F23A900846D1F /* en */,
			);
			name = InfoPlist.strings;
			sourceTree = "<group>";
		};
		3DEDC90D161F23AA00846D1F /* ViewController.xib */ = {
			isa = PBXVariantGroup;
			children = (
				3DEDC90E161F23AA00846D1F /* en */,
			);
			name = ViewController.xib;
			sourceTree = "<group>";
		};
/* End PBXVariantGroup section */

/* Begin XCBuildConfiguration section */
		3DEDC910161F23AA00846D1F /* Debug */ = {
			isa = XCBuildConfiguration;
			buildSettings = {
				ALWAYS_SEARCH_USER_PATHS = NO;
				CLANG_CXX_LANGUAGE_STANDARD = "gnu++0x";
				CLANG_CXX_LIBRARY = "libc++";
				CLANG_ENABLE_OBJC_ARC = YES;
				CLANG_WARN_EMPTY_BODY = YES;
				CLANG_WARN__DUPLICATE_METHOD_MATCH = YES;
				"CODE_SIGN_IDENTITY[sdk=iphoneos*]" = "iPhone Developer";
				COPY_PHASE_STRIP = NO;
				GCC_C_LANGUAGE_STANDARD = gnu99;
				GCC_DYNAMIC_NO_PIC = NO;
				GCC_OPTIMIZATION_LEVEL = 0;
				GCC_PREPROCESSOR_DEFINITIONS = (
					"DEBUG=1",
					"$(inherited)",
				);
				GCC_SYMBOLS_PRIVATE_EXTERN = NO;
				GCC_WARN_ABOUT_RETURN_TYPE = YES;
				GCC_WARN_UNINITIALIZED_AUTOS = YES;
				GCC_WARN_UNUSED_VARIABLE = YES;
				IPHONEOS_DEPLOYMENT_TARGET = 6.0;
				SDKROOT = iphoneos;
			};
			name = Debug;
		};
		3DEDC911161F23AA00846D1F /* Release */ = {
			isa = XCBuildConfiguration;
			buildSettings = {
				ALWAYS_SEARCH_USER_PATHS = NO;
				CLANG_CXX_LANGUAGE_STANDARD = "gnu++0x";
				CLANG_CXX_LIBRARY = "libc++";
				CLANG_ENABLE_OBJC_ARC = YES;
				CLANG_WARN_EMPTY_BODY = YES;
				CLANG_WARN__DUPLICATE_METHOD_MATCH = YES;
				"CODE_SIGN_IDENTITY[sdk=iphoneos*]" = "iPhone Developer";
				COPY_PHASE_STRIP = YES;
				GCC_C_LANGUAGE_STANDARD = gnu99;
				GCC_WARN_ABOUT_RETURN_TYPE = YES;
				GCC_WARN_UNINITIALIZED_AUTOS = YES;
				GCC_WARN_UNUSED_VARIABLE = YES;
				IPHONEOS_DEPLOYMENT_TARGET = 6.0;
				OTHER_CFLAGS = "-DNS_BLOCK_ASSERTIONS=1";
				SDKROOT = iphoneos;
				VALIDATE_PRODUCT = YES;
			};
			name = Release;
		};
		3DEDC913161F23AA00846D1F /* Debug */ = {
			isa = XCBuildConfiguration;
			buildSettings = {
				GCC_PRECOMPILE_PREFIX_HEADER = YES;
				GCC_PREFIX_HEADER = "Wallpapers/Wallpapers-Prefix.pch";
				INFOPLIST_FILE = "Wallpapers/Wallpapers-Info.plist";
				PRODUCT_NAME = "$(TARGET_NAME)";
				WRAPPER_EXTENSION = app;
			};
			name = Debug;
		};
		3DEDC914161F23AA00846D1F /* Release */ = {
			isa = XCBuildConfiguration;
			buildSettings = {
				GCC_PRECOMPILE_PREFIX_HEADER = YES;
				GCC_PREFIX_HEADER = "Wallpapers/Wallpapers-Prefix.pch";
				INFOPLIST_FILE = "Wallpapers/Wallpapers-Info.plist";
				PRODUCT_NAME = "$(TARGET_NAME)";
				WRAPPER_EXTENSION = app;
			};
			name = Release;
		};
/* End XCBuildConfiguration section */

/* Begin XCConfigurationList section */
		3DEDC8E8161F23A900846D1F /* Build configuration list for PBXProject "Wallpapers" */ = {
			isa = XCConfigurationList;
			buildConfigurations = (
				3DEDC910161F23AA00846D1F /* Debug */,
				3DEDC911161F23AA00846D1F /* Release */,
			);
			defaultConfigurationIsVisible = 0;
			defaultConfigurationName = Release;
		};
		3DEDC912161F23AA00846D1F /* Build configuration list for PBXNativeTarget "Wallpapers" */ = {
			isa = XCConfigurationList;
			buildConfigurations = (
				3DEDC913161F23AA00846D1F /* Debug */,
				3DEDC914161F23AA00846D1F /* Release */,
			);
			defaultConfigurationIsVisible = 0;
		};
/* End XCConfigurationList section */
	};
	rootObject = 3DEDC8E5161F23A900846D1F /* Project object */;
}
